
Microsoft Visual Studio Solution File, Format Version 12.00
# Visual Studio 15
VisualStudioVersion = 15.0.33529.398
MinimumVisualStudioVersion = 10.0.40219.1
Project("{9A19103F-16F7-4668-BE54-9A1E7A4F7556}") = "Singleton", "Lab1\Singleton.csproj", "{D8737DB3-2C9D-40C3-85F7-704AC93BA61B}"
EndProject
Project("{2150E333-8FDC-42A3-9474-1A3956D46DE8}") = "Creational Patterns", "Creational Patterns", "{13A2AD76-50A5-4584-912D-04C7362BDCD8}"
EndProject
Project("{9A19103F-16F7-4668-BE54-9A1E7A4F7556}") = "Prototype", "Prototype\Prototype.csproj", "{563DE32B-C0DC-4FBB-A5D9-BEA5E4F7183D}"
EndProject
Project("{9A19103F-16F7-4668-BE54-9A1E7A4F7556}") = "Factory Patterns", "Factory Patterns\Factory Patterns.csproj", "{6A3A7B23-F0D8-4BBF-BA48-2586988B8486}"
EndProject
Project("{2150E333-8FDC-42A3-9474-1A3956D46DE8}") = "Structural Patterns", "Structural Patterns", "{880F9CAD-FF1E-449B-8B1B-0119380DEB12}"
EndProject
Project("{9A19103F-16F7-4668-BE54-9A1E7A4F7556}") = "Adapter", "Adapter\Adapter.csproj", "{B8973058-BE4E-4DAF-AEEF-0EB64F18F2AC}"
EndProject
Project("{9A19103F-16F7-4668-BE54-9A1E7A4F7556}") = "Decorator", "Decorator\Decorator.csproj", "{3F3E2EAD-CC67-435B-8A8D-9B95718CFAF1}"
EndProject
Project("{FAE04EC0-301F-11D3-BF4B-00C04F79EFBC}") = "Composite", "Composite\Composite.csproj", "{3654E5F4-5088-4E1E-A7D6-F4FFFD92A352}"
EndProject
Project("{2150E333-8FDC-42A3-9474-1A3956D46DE8}") = "Behavioral Patterns", "Behavioral Patterns", "{A5983815-AF26-4D5D-A3C9-9B2832DE4F57}"
EndProject
Project("{FAE04EC0-301F-11D3-BF4B-00C04F79EFBC}") = "Observer", "Observer\Observer.csproj", "{3EB83399-99E2-48D3-84BE-6A9DAD634806}"
EndProject
Global
	GlobalSection(SolutionConfigurationPlatforms) = preSolution
		Debug|Any CPU = Debug|Any CPU
		Release|Any CPU = Release|Any CPU
	EndGlobalSection
	GlobalSection(ProjectConfigurationPlatforms) = postSolution
		{D8737DB3-2C9D-40C3-85F7-704AC93BA61B}.Debug|Any CPU.ActiveCfg = Debug|Any CPU
		{D8737DB3-2C9D-40C3-85F7-704AC93BA61B}.Debug|Any CPU.Build.0 = Debug|Any CPU
		{D8737DB3-2C9D-40C3-85F7-704AC93BA61B}.Release|Any CPU.ActiveCfg = Release|Any CPU
		{D8737DB3-2C9D-40C3-85F7-704AC93BA61B}.Release|Any CPU.Build.0 = Release|Any CPU
		{563DE32B-C0DC-4FBB-A5D9-BEA5E4F7183D}.Debug|Any CPU.ActiveCfg = Debug|Any CPU
		{563DE32B-C0DC-4FBB-A5D9-BEA5E4F7183D}.Debug|Any CPU.Build.0 = Debug|Any CPU
		{563DE32B-C0DC-4FBB-A5D9-BEA5E4F7183D}.Release|Any CPU.ActiveCfg = Release|Any CPU
		{563DE32B-C0DC-4FBB-A5D9-BEA5E4F7183D}.Release|Any CPU.Build.0 = Release|Any CPU
		{6A3A7B23-F0D8-4BBF-BA48-2586988B8486}.Debug|Any CPU.ActiveCfg = Debug|Any CPU
		{6A3A7B23-F0D8-4BBF-BA48-2586988B8486}.Debug|Any CPU.Build.0 = Debug|Any CPU
		{6A3A7B23-F0D8-4BBF-BA48-2586988B8486}.Release|Any CPU.ActiveCfg = Release|Any CPU
		{6A3A7B23-F0D8-4BBF-BA48-2586988B8486}.Release|Any CPU.Build.0 = Release|Any CPU
		{B8973058-BE4E-4DAF-AEEF-0EB64F18F2AC}.Debug|Any CPU.ActiveCfg = Debug|Any CPU
		{B8973058-BE4E-4DAF-AEEF-0EB64F18F2AC}.Debug|Any CPU.Build.0 = Debug|Any CPU
		{B8973058-BE4E-4DAF-AEEF-0EB64F18F2AC}.Release|Any CPU.ActiveCfg = Release|Any CPU
		{B8973058-BE4E-4DAF-AEEF-0EB64F18F2AC}.Release|Any CPU.Build.0 = Release|Any CPU
		{3F3E2EAD-CC67-435B-8A8D-9B95718CFAF1}.Debug|Any CPU.ActiveCfg = Debug|Any CPU
		{3F3E2EAD-CC67-435B-8A8D-9B95718CFAF1}.Debug|Any CPU.Build.0 = Debug|Any CPU
		{3F3E2EAD-CC67-435B-8A8D-9B95718CFAF1}.Release|Any CPU.ActiveCfg = Release|Any CPU
		{3F3E2EAD-CC67-435B-8A8D-9B95718CFAF1}.Release|Any CPU.Build.0 = Release|Any CPU
		{3654E5F4-5088-4E1E-A7D6-F4FFFD92A352}.Debug|Any CPU.ActiveCfg = Debug|Any CPU
		{3654E5F4-5088-4E1E-A7D6-F4FFFD92A352}.Debug|Any CPU.Build.0 = Debug|Any CPU
		{3654E5F4-5088-4E1E-A7D6-F4FFFD92A352}.Release|Any CPU.ActiveCfg = Release|Any CPU
		{3654E5F4-5088-4E1E-A7D6-F4FFFD92A352}.Release|Any CPU.Build.0 = Release|Any CPU
		{3EB83399-99E2-48D3-84BE-6A9DAD634806}.Debug|Any CPU.ActiveCfg = Debug|Any CPU
		{3EB83399-99E2-48D3-84BE-6A9DAD634806}.Debug|Any CPU.Build.0 = Debug|Any CPU
		{3EB83399-99E2-48D3-84BE-6A9DAD634806}.Release|Any CPU.ActiveCfg = Release|Any CPU
		{3EB83399-99E2-48D3-84BE-6A9DAD634806}.Release|Any CPU.Build.0 = Release|Any CPU
	EndGlobalSection
	GlobalSection(SolutionProperties) = preSolution
		HideSolutionNode = FALSE
	EndGlobalSection
	GlobalSection(NestedProjects) = preSolution
		{D8737DB3-2C9D-40C3-85F7-704AC93BA61B} = {13A2AD76-50A5-4584-912D-04C7362BDCD8}
		{563DE32B-C0DC-4FBB-A5D9-BEA5E4F7183D} = {13A2AD76-50A5-4584-912D-04C7362BDCD8}
		{6A3A7B23-F0D8-4BBF-BA48-2586988B8486} = {13A2AD76-50A5-4584-912D-04C7362BDCD8}
		{B8973058-BE4E-4DAF-AEEF-0EB64F18F2AC} = {880F9CAD-FF1E-449B-8B1B-0119380DEB12}
		{3F3E2EAD-CC67-435B-8A8D-9B95718CFAF1} = {880F9CAD-FF1E-449B-8B1B-0119380DEB12}
		{3654E5F4-5088-4E1E-A7D6-F4FFFD92A352} = {880F9CAD-FF1E-449B-8B1B-0119380DEB12}
		{3EB83399-99E2-48D3-84BE-6A9DAD634806} = {A5983815-AF26-4D5D-A3C9-9B2832DE4F57}
	EndGlobalSection
	GlobalSection(ExtensibilityGlobals) = postSolution
		SolutionGuid = {FF628D9E-D307-48B8-A528-C0247F1FEC08}
	EndGlobalSection
EndGlobal
